// !$*UTF8*$!
{
	archiveVersion = 1;
	classes = {
	};
	objectVersion = 77;
	objects = {

/* Begin PBXBuildFile section */
		3BBCA79C2E4037FA0008324A /* Kingfisher in Frameworks */ = {isa = PBXBuildFile; productRef = 3BBCA79B2E4037FA0008324A /* Kingfisher */; };
		3BDD47D72D954A910011BA1B /* FirebaseAuth in Frameworks */ = {isa = PBXBuildFile; productRef = 3BDD47D62D954A910011BA1B /* FirebaseAuth */; };
		3BDD47D92D954A910011BA1B /* FirebaseFirestore in Frameworks */ = {isa = PBXBuildFile; productRef = 3BDD47D82D954A910011BA1B /* FirebaseFirestore */; };
		3BDD47DB2D954A910011BA1B /* FirebaseStorage in Frameworks */ = {isa = PBXBuildFile; productRef = 3BDD47DA2D954A910011BA1B /* FirebaseStorage */; };
/* End PBXBuildFile section */

/* Begin PBXContainerItemProxy section */
		3BB74AA72D6729E9004E4AD6 /* PBXContainerItemProxy */ = {
			isa = PBXContainerItemProxy;
			containerPortal = 3BB74A8E2D6729E6004E4AD6 /* Project object */;
			proxyType = 1;
			remoteGlobalIDString = 3BB74A952D6729E6004E4AD6;
			remoteInfo = InstagramTutorial;
		};
		3BB74AB12D6729E9004E4AD6 /* PBXContainerItemProxy */ = {
			isa = PBXContainerItemProxy;
			containerPortal = 3BB74A8E2D6729E6004E4AD6 /* Project object */;
			proxyType = 1;
			remoteGlobalIDString = 3BB74A952D6729E6004E4AD6;
			remoteInfo = InstagramTutorial;
		};
/* End PBXContainerItemProxy section */

/* Begin PBXFileReference section */
		3BB74A962D6729E6004E4AD6 /* Tasked.app */ = {isa = PBXFileReference; explicitFileType = wrapper.application; includeInIndex = 0; path = Tasked.app; sourceTree = BUILT_PRODUCTS_DIR; };
		3BB74AA62D6729E9004E4AD6 /* InstagramTutorialTests.xctest */ = {isa = PBXFileReference; explicitFileType = wrapper.cfbundle; includeInIndex = 0; path = InstagramTutorialTests.xctest; sourceTree = BUILT_PRODUCTS_DIR; };
		3BB74AB02D6729E9004E4AD6 /* InstagramTutorialUITests.xctest */ = {isa = PBXFileReference; explicitFileType = wrapper.cfbundle; includeInIndex = 0; path = InstagramTutorialUITests.xctest; sourceTree = BUILT_PRODUCTS_DIR; };
/* End PBXFileReference section */

/* Begin PBXFileSystemSynchronizedBuildFileExceptionSet section */
		3BD558F92E7A24A800C5F0A5 /* Exceptions for "Tasked" folder in "Tasked" target */ = {
			isa = PBXFileSystemSynchronizedBuildFileExceptionSet;
			membershipExceptions = (
				Info.plist,
			);
			target = 3BB74A952D6729E6004E4AD6 /* Tasked */;
		};
/* End PBXFileSystemSynchronizedBuildFileExceptionSet section */

/* Begin PBXFileSystemSynchronizedRootGroup section */
		3BB74A982D6729E6004E4AD6 /* Tasked */ = {
			isa = PBXFileSystemSynchronizedRootGroup;
			exceptions = (
				3BD558F92E7A24A800C5F0A5 /* Exceptions for "Tasked" folder in "Tasked" target */,
			);
			path = Tasked;
			sourceTree = "<group>";
		};
		3BB74AA92D6729E9004E4AD6 /* TaskedTests */ = {
			isa = PBXFileSystemSynchronizedRootGroup;
			path = TaskedTests;
			sourceTree = "<group>";
		};
		3BB74AB32D6729E9004E4AD6 /* TaskedUITests */ = {
			isa = PBXFileSystemSynchronizedRootGroup;
			path = TaskedUITests;
			sourceTree = "<group>";
		};
/* End PBXFileSystemSynchronizedRootGroup section */

/* Begin PBXFrameworksBuildPhase section */
		3BB74A932D6729E6004E4AD6 /* Frameworks */ = {
			isa = PBXFrameworksBuildPhase;
			buildActionMask = 2147483647;
			files = (
				3BBCA79C2E4037FA0008324A /* Kingfisher in Frameworks */,
				3BDD47D72D954A910011BA1B /* FirebaseAuth in Frameworks */,
				3BDD47D92D954A910011BA1B /* FirebaseFirestore in Frameworks */,
				3BDD47DB2D954A910011BA1B /* FirebaseStorage in Frameworks */,
			);
			runOnlyForDeploymentPostprocessing = 0;
		};
		3BB74AA32D6729E9004E4AD6 /* Frameworks */ = {
			isa = PBXFrameworksBuildPhase;
			buildActionMask = 2147483647;
			files = (
			);
			runOnlyForDeploymentPostprocessing = 0;
		};
		3BB74AAD2D6729E9004E4AD6 /* Frameworks */ = {
			isa = PBXFrameworksBuildPhase;
			buildActionMask = 2147483647;
			files = (
			);
			runOnlyForDeploymentPostprocessing = 0;
		};
/* End PBXFrameworksBuildPhase section */

/* Begin PBXGroup section */
		3BB74A8D2D6729E6004E4AD6 = {
			isa = PBXGroup;
			children = (
				3BB74A982D6729E6004E4AD6 /* Tasked */,
				3BB74AA92D6729E9004E4AD6 /* TaskedTests */,
				3BB74AB32D6729E9004E4AD6 /* TaskedUITests */,
				3BBCA79A2E4037FA0008324A /* Frameworks */,
				3BB74A972D6729E6004E4AD6 /* Products */,
			);
			sourceTree = "<group>";
		};
		3BB74A972D6729E6004E4AD6 /* Products */ = {
			isa = PBXGroup;
			children = (
				3BB74A962D6729E6004E4AD6 /* Tasked.app */,
				3BB74AA62D6729E9004E4AD6 /* InstagramTutorialTests.xctest */,
				3BB74AB02D6729E9004E4AD6 /* InstagramTutorialUITests.xctest */,
			);
			name = Products;
			sourceTree = "<group>";
		};
		3BBCA79A2E4037FA0008324A /* Frameworks */ = {
			isa = PBXGroup;
			children = (
			);
			name = Frameworks;
			sourceTree = "<group>";
		};
/* End PBXGroup section */

/* Begin PBXNativeTarget section */
		3BB74A952D6729E6004E4AD6 /* Tasked */ = {
			isa = PBXNativeTarget;
			buildConfigurationList = 3BB74ABA2D6729E9004E4AD6 /* Build configuration list for PBXNativeTarget "Tasked" */;
			buildPhases = (
				3BB74A922D6729E6004E4AD6 /* Sources */,
				3BB74A932D6729E6004E4AD6 /* Frameworks */,
				3BB74A942D6729E6004E4AD6 /* Resources */,
			);
			buildRules = (
			);
			dependencies = (
			);
			fileSystemSynchronizedGroups = (
				3BB74A982D6729E6004E4AD6 /* Tasked */,
			);
			name = Tasked;
			packageProductDependencies = (
				3BDD47D62D954A910011BA1B /* FirebaseAuth */,
				3BDD47D82D954A910011BA1B /* FirebaseFirestore */,
				3BDD47DA2D954A910011BA1B /* FirebaseStorage */,
				3BBCA79B2E4037FA0008324A /* Kingfisher */,
			);
			productName = InstagramTutorial;
			productReference = 3BB74A962D6729E6004E4AD6 /* Tasked.app */;
			productType = "com.apple.product-type.application";
		};
		3BB74AA52D6729E9004E4AD6 /* InstagramTutorialTests */ = {
			isa = PBXNativeTarget;
			buildConfigurationList = 3BB74ABD2D6729E9004E4AD6 /* Build configuration list for PBXNativeTarget "InstagramTutorialTests" */;
			buildPhases = (
				3BB74AA22D6729E9004E4AD6 /* Sources */,
				3BB74AA32D6729E9004E4AD6 /* Frameworks */,
				3BB74AA42D6729E9004E4AD6 /* Resources */,
			);
			buildRules = (
			);
			dependencies = (
				3BB74AA82D6729E9004E4AD6 /* PBXTargetDependency */,
			);
			fileSystemSynchronizedGroups = (
				3BB74AA92D6729E9004E4AD6 /* TaskedTests */,
			);
			name = InstagramTutorialTests;
			packageProductDependencies = (
			);
			productName = InstagramTutorialTests;
			productReference = 3BB74AA62D6729E9004E4AD6 /* InstagramTutorialTests.xctest */;
			productType = "com.apple.product-type.bundle.unit-test";
		};
		3BB74AAF2D6729E9004E4AD6 /* InstagramTutorialUITests */ = {
			isa = PBXNativeTarget;
			buildConfigurationList = 3BB74AC02D6729E9004E4AD6 /* Build configuration list for PBXNativeTarget "InstagramTutorialUITests" */;
			buildPhases = (
				3BB74AAC2D6729E9004E4AD6 /* Sources */,
				3BB74AAD2D6729E9004E4AD6 /* Frameworks */,
				3BB74AAE2D6729E9004E4AD6 /* Resources */,
			);
			buildRules = (
			);
			dependencies = (
				3BB74AB22D6729E9004E4AD6 /* PBXTargetDependency */,
			);
			fileSystemSynchronizedGroups = (
				3BB74AB32D6729E9004E4AD6 /* TaskedUITests */,
			);
			name = InstagramTutorialUITests;
			packageProductDependencies = (
			);
			productName = InstagramTutorialUITests;
			productReference = 3BB74AB02D6729E9004E4AD6 /* InstagramTutorialUITests.xctest */;
			productType = "com.apple.product-type.bundle.ui-testing";
		};
/* End PBXNativeTarget section */

/* Begin PBXProject section */
		3BB74A8E2D6729E6004E4AD6 /* Project object */ = {
			isa = PBXProject;
			attributes = {
				BuildIndependentTargetsInParallel = 1;
				LastSwiftUpdateCheck = 1610;
				LastUpgradeCheck = 2660;
				TargetAttributes = {
					3BB74A952D6729E6004E4AD6 = {
						CreatedOnToolsVersion = 16.1;
					};
					3BB74AA52D6729E9004E4AD6 = {
						CreatedOnToolsVersion = 16.1;
						TestTargetID = 3BB74A952D6729E6004E4AD6;
					};
					3BB74AAF2D6729E9004E4AD6 = {
						CreatedOnToolsVersion = 16.1;
						TestTargetID = 3BB74A952D6729E6004E4AD6;
					};
				};
			};
			buildConfigurationList = 3BB74A912D6729E6004E4AD6 /* Build configuration list for PBXProject "Tasked" */;
			developmentRegion = en;
			hasScannedForEncodings = 0;
			knownRegions = (
				en,
				Base,
			);
			mainGroup = 3BB74A8D2D6729E6004E4AD6;
			minimizedProjectReferenceProxies = 1;
			packageReferences = (
				3BDD47D52D954A910011BA1B /* XCRemoteSwiftPackageReference "firebase-ios-sdk" */,
				3B3FB8742E36FEED00490826 /* XCRemoteSwiftPackageReference "Kingfisher" */,
			);
			preferredProjectObjectVersion = 77;
			productRefGroup = 3BB74A972D6729E6004E4AD6 /* Products */;
			projectDirPath = "";
			projectRoot = "";
			targets = (
				3BB74A952D6729E6004E4AD6 /* Tasked */,
				3BB74AA52D6729E9004E4AD6 /* InstagramTutorialTests */,
				3BB74AAF2D6729E9004E4AD6 /* InstagramTutorialUITests */,
			);
		};
/* End PBXProject section */

/* Begin PBXResourcesBuildPhase section */
		3BB74A942D6729E6004E4AD6 /* Resources */ = {
			isa = PBXResourcesBuildPhase;
			buildActionMask = 2147483647;
			files = (
			);
			runOnlyForDeploymentPostprocessing = 0;
		};
		3BB74AA42D6729E9004E4AD6 /* Resources */ = {
			isa = PBXResourcesBuildPhase;
			buildActionMask = 2147483647;
			files = (
			);
			runOnlyForDeploymentPostprocessing = 0;
		};
		3BB74AAE2D6729E9004E4AD6 /* Resources */ = {
			isa = PBXResourcesBuildPhase;
			buildActionMask = 2147483647;
			files = (
			);
			runOnlyForDeploymentPostprocessing = 0;
		};
/* End PBXResourcesBuildPhase section */

/* Begin PBXSourcesBuildPhase section */
		3BB74A922D6729E6004E4AD6 /* Sources */ = {
			isa = PBXSourcesBuildPhase;
			buildActionMask = 2147483647;
			files = (
			);
			runOnlyForDeploymentPostprocessing = 0;
		};
		3BB74AA22D6729E9004E4AD6 /* Sources */ = {
			isa = PBXSourcesBuildPhase;
			buildActionMask = 2147483647;
			files = (
			);
			runOnlyForDeploymentPostprocessing = 0;
		};
		3BB74AAC2D6729E9004E4AD6 /* Sources */ = {
			isa = PBXSourcesBuildPhase;
			buildActionMask = 2147483647;
			files = (
			);
			runOnlyForDeploymentPostprocessing = 0;
		};
/* End PBXSourcesBuildPhase section */

/* Begin PBXTargetDependency section */
		3BB74AA82D6729E9004E4AD6 /* PBXTargetDependency */ = {
			isa = PBXTargetDependency;
			target = 3BB74A952D6729E6004E4AD6 /* Tasked */;
			targetProxy = 3BB74AA72D6729E9004E4AD6 /* PBXContainerItemProxy */;
		};
		3BB74AB22D6729E9004E4AD6 /* PBXTargetDependency */ = {
			isa = PBXTargetDependency;
			target = 3BB74A952D6729E6004E4AD6 /* Tasked */;
			targetProxy = 3BB74AB12D6729E9004E4AD6 /* PBXContainerItemProxy */;
		};
/* End PBXTargetDependency section */

/* Begin XCBuildConfiguration section */
		3BB74AB82D6729E9004E4AD6 /* Debug */ = {
			isa = XCBuildConfiguration;
			buildSettings = {
				ALWAYS_SEARCH_USER_PATHS = NO;
				ASSETCATALOG_COMPILER_GENERATE_SWIFT_ASSET_SYMBOL_EXTENSIONS = YES;
				CLANG_ANALYZER_NONNULL = YES;
				CLANG_ANALYZER_NUMBER_OBJECT_CONVERSION = YES_AGGRESSIVE;
				CLANG_CXX_LANGUAGE_STANDARD = "gnu++20";
				CLANG_ENABLE_MODULES = YES;
				CLANG_ENABLE_OBJC_ARC = YES;
				CLANG_ENABLE_OBJC_WEAK = YES;
				CLANG_WARN_BLOCK_CAPTURE_AUTORELEASING = YES;
				CLANG_WARN_BOOL_CONVERSION = YES;
				CLANG_WARN_COMMA = YES;
				CLANG_WARN_CONSTANT_CONVERSION = YES;
				CLANG_WARN_DEPRECATED_OBJC_IMPLEMENTATIONS = YES;
				CLANG_WARN_DIRECT_OBJC_ISA_USAGE = YES_ERROR;
				CLANG_WARN_DOCUMENTATION_COMMENTS = YES;
				CLANG_WARN_EMPTY_BODY = YES;
				CLANG_WARN_ENUM_CONVERSION = YES;
				CLANG_WARN_INFINITE_RECURSION = YES;
				CLANG_WARN_INT_CONVERSION = YES;
				CLANG_WARN_NON_LITERAL_NULL_CONVERSION = YES;
				CLANG_WARN_OBJC_IMPLICIT_RETAIN_SELF = YES;
				CLANG_WARN_OBJC_LITERAL_CONVERSION = YES;
				CLANG_WARN_OBJC_ROOT_CLASS = YES_ERROR;
				CLANG_WARN_QUOTED_INCLUDE_IN_FRAMEWORK_HEADER = YES;
				CLANG_WARN_RANGE_LOOP_ANALYSIS = YES;
				CLANG_WARN_STRICT_PROTOTYPES = YES;
				CLANG_WARN_SUSPICIOUS_MOVE = YES;
				CLANG_WARN_UNGUARDED_AVAILABILITY = YES_AGGRESSIVE;
				CLANG_WARN_UNREACHABLE_CODE = YES;
				CLANG_WARN__DUPLICATE_METHOD_MATCH = YES;
				COPY_PHASE_STRIP = NO;
				DEBUG_INFORMATION_FORMAT = dwarf;
				DEVELOPMENT_TEAM = D2XPU92QHS;
				ENABLE_STRICT_OBJC_MSGSEND = YES;
				ENABLE_TESTABILITY = YES;
				ENABLE_USER_SCRIPT_SANDBOXING = YES;
				GCC_C_LANGUAGE_STANDARD = gnu17;
				GCC_DYNAMIC_NO_PIC = NO;
				GCC_NO_COMMON_BLOCKS = YES;
				GCC_OPTIMIZATION_LEVEL = 0;
				GCC_PREPROCESSOR_DEFINITIONS = (
					"DEBUG=1",
					"$(inherited)",
				);
				GCC_WARN_64_TO_32_BIT_CONVERSION = YES;
				GCC_WARN_ABOUT_RETURN_TYPE = YES_ERROR;
				GCC_WARN_UNDECLARED_SELECTOR = YES;
				GCC_WARN_UNINITIALIZED_AUTOS = YES_AGGRESSIVE;
				GCC_WARN_UNUSED_FUNCTION = YES;
				GCC_WARN_UNUSED_VARIABLE = YES;
				IPHONEOS_DEPLOYMENT_TARGET = 18.1;
				LOCALIZATION_PREFERS_STRING_CATALOGS = YES;
				MTL_ENABLE_DEBUG_INFO = INCLUDE_SOURCE;
				MTL_FAST_MATH = YES;
				ONLY_ACTIVE_ARCH = YES;
				SDKROOT = iphoneos;
				STRING_CATALOG_GENERATE_SYMBOLS = YES;
				SWIFT_ACTIVE_COMPILATION_CONDITIONS = "DEBUG $(inherited)";
				SWIFT_OPTIMIZATION_LEVEL = "-Onone";
			};
			name = Debug;
		};
		3BB74AB92D6729E9004E4AD6 /* Release */ = {
			isa = XCBuildConfiguration;
			buildSettings = {
				ALWAYS_SEARCH_USER_PATHS = NO;
				ASSETCATALOG_COMPILER_GENERATE_SWIFT_ASSET_SYMBOL_EXTENSIONS = YES;
				CLANG_ANALYZER_NONNULL = YES;
				CLANG_ANALYZER_NUMBER_OBJECT_CONVERSION = YES_AGGRESSIVE;
				CLANG_CXX_LANGUAGE_STANDARD = "gnu++20";
				CLANG_ENABLE_MODULES = YES;
				CLANG_ENABLE_OBJC_ARC = YES;
				CLANG_ENABLE_OBJC_WEAK = YES;
				CLANG_WARN_BLOCK_CAPTURE_AUTORELEASING = YES;
				CLANG_WARN_BOOL_CONVERSION = YES;
				CLANG_WARN_COMMA = YES;
				CLANG_WARN_CONSTANT_CONVERSION = YES;
				CLANG_WARN_DEPRECATED_OBJC_IMPLEMENTATIONS = YES;
				CLANG_WARN_DIRECT_OBJC_ISA_USAGE = YES_ERROR;
				CLANG_WARN_DOCUMENTATION_COMMENTS = YES;
				CLANG_WARN_EMPTY_BODY = YES;
				CLANG_WARN_ENUM_CONVERSION = YES;
				CLANG_WARN_INFINITE_RECURSION = YES;
				CLANG_WARN_INT_CONVERSION = YES;
				CLANG_WARN_NON_LITERAL_NULL_CONVERSION = YES;
				CLANG_WARN_OBJC_IMPLICIT_RETAIN_SELF = YES;
				CLANG_WARN_OBJC_LITERAL_CONVERSION = YES;
				CLANG_WARN_OBJC_ROOT_CLASS = YES_ERROR;
				CLANG_WARN_QUOTED_INCLUDE_IN_FRAMEWORK_HEADER = YES;
				CLANG_WARN_RANGE_LOOP_ANALYSIS = YES;
				CLANG_WARN_STRICT_PROTOTYPES = YES;
				CLANG_WARN_SUSPICIOUS_MOVE = YES;
				CLANG_WARN_UNGUARDED_AVAILABILITY = YES_AGGRESSIVE;
				CLANG_WARN_UNREACHABLE_CODE = YES;
				CLANG_WARN__DUPLICATE_METHOD_MATCH = YES;
				COPY_PHASE_STRIP = NO;
				DEBUG_INFORMATION_FORMAT = "dwarf-with-dsym";
				DEVELOPMENT_TEAM = D2XPU92QHS;
				ENABLE_NS_ASSERTIONS = NO;
				ENABLE_STRICT_OBJC_MSGSEND = YES;
				ENABLE_USER_SCRIPT_SANDBOXING = YES;
				GCC_C_LANGUAGE_STANDARD = gnu17;
				GCC_NO_COMMON_BLOCKS = YES;
				GCC_WARN_64_TO_32_BIT_CONVERSION = YES;
				GCC_WARN_ABOUT_RETURN_TYPE = YES_ERROR;
				GCC_WARN_UNDECLARED_SELECTOR = YES;
				GCC_WARN_UNINITIALIZED_AUTOS = YES_AGGRESSIVE;
				GCC_WARN_UNUSED_FUNCTION = YES;
				GCC_WARN_UNUSED_VARIABLE = YES;
				IPHONEOS_DEPLOYMENT_TARGET = 18.1;
				LOCALIZATION_PREFERS_STRING_CATALOGS = YES;
				MTL_ENABLE_DEBUG_INFO = NO;
				MTL_FAST_MATH = YES;
				SDKROOT = iphoneos;
				STRING_CATALOG_GENERATE_SYMBOLS = YES;
				SWIFT_COMPILATION_MODE = wholemodule;
				VALIDATE_PRODUCT = YES;
			};
			name = Release;
		};
		3BB74ABB2D6729E9004E4AD6 /* Debug */ = {
			isa = XCBuildConfiguration;
			buildSettings = {
				ASSETCATALOG_COMPILER_APPICON_NAME = AppIcon;
				ASSETCATALOG_COMPILER_GLOBAL_ACCENT_COLOR_NAME = AccentColor;
				CODE_SIGN_STYLE = Automatic;
				CURRENT_PROJECT_VERSION = 1;
				DEVELOPMENT_ASSET_PATHS = "\"Tasked/Preview Content\"";
				ENABLE_PREVIEWS = YES;
				GENERATE_INFOPLIST_FILE = YES;
				INFOPLIST_FILE = Tasked/Info.plist;
				INFOPLIST_KEY_CFBundleDisplayName = Tasked;
				INFOPLIST_KEY_UIApplicationSceneManifest_Generation = YES;
				INFOPLIST_KEY_UIApplicationSupportsIndirectInputEvents = YES;
				INFOPLIST_KEY_UISupportedInterfaceOrientations_iPad = "UIInterfaceOrientationPortrait UIInterfaceOrientationPortraitUpsideDown UIInterfaceOrientationLandscapeLeft UIInterfaceOrientationLandscapeRight";
				INFOPLIST_KEY_UISupportedInterfaceOrientations_iPhone = "UIInterfaceOrientationPortrait UIInterfaceOrientationLandscapeLeft UIInterfaceOrientationLandscapeRight";
				LD_RUNPATH_SEARCH_PATHS = (
					"$(inherited)",
					"@executable_path/Frameworks",
				);
				MARKETING_VERSION = 1.0;
				PRODUCT_BUNDLE_IDENTIFIER = BP.InstagramTutorial;
				PRODUCT_NAME = "$(TARGET_NAME)";
				SWIFT_EMIT_LOC_STRINGS = YES;
				SWIFT_VERSION = 5.0;
				TARGETED_DEVICE_FAMILY = "1,2";
			};
			name = Debug;
		};
		3BB74ABC2D6729E9004E4AD6 /* Release */ = {
			isa = XCBuildConfiguration;
			buildSettings = {
				ASSETCATALOG_COMPILER_APPICON_NAME = AppIcon;
				ASSETCATALOG_COMPILER_GLOBAL_ACCENT_COLOR_NAME = AccentColor;
				CODE_SIGN_STYLE = Automatic;
				CURRENT_PROJECT_VERSION = 1;
				DEVELOPMENT_ASSET_PATHS = "\"Tasked/Preview Content\"";
				ENABLE_PREVIEWS = YES;
				GENERATE_INFOPLIST_FILE = YES;
				INFOPLIST_FILE = Tasked/Info.plist;
				INFOPLIST_KEY_CFBundleDisplayName = Tasked;
				INFOPLIST_KEY_UIApplicationSceneManifest_Generation = YES;
				INFOPLIST_KEY_UIApplicationSupportsIndirectInputEvents = YES;
				INFOPLIST_KEY_UISupportedInterfaceOrientations_iPad = "UIInterfaceOrientationPortrait UIInterfaceOrientationPortraitUpsideDown UIInterfaceOrientationLandscapeLeft UIInterfaceOrientationLandscapeRight";
				INFOPLIST_KEY_UISupportedInterfaceOrientations_iPhone = "UIInterfaceOrientationPortrait UIInterfaceOrientationLandscapeLeft UIInterfaceOrientationLandscapeRight";
				LD_RUNPATH_SEARCH_PATHS = (
					"$(inherited)",
					"@executable_path/Frameworks",
				);
				MARKETING_VERSION = 1.0;
				PRODUCT_BUNDLE_IDENTIFIER = BP.InstagramTutorial;
				PRODUCT_NAME = "$(TARGET_NAME)";
				SWIFT_EMIT_LOC_STRINGS = YES;
				SWIFT_VERSION = 5.0;
				TARGETED_DEVICE_FAMILY = "1,2";
			};
			name = Release;
		};
		3BB74ABE2D6729E9004E4AD6 /* Debug */ = {
			isa = XCBuildConfiguration;
			buildSettings = {
				BUNDLE_LOADER = "$(TEST_HOST)";
				CODE_SIGN_STYLE = Automatic;
				CURRENT_PROJECT_VERSION = 1;
				GENERATE_INFOPLIST_FILE = YES;
				IPHONEOS_DEPLOYMENT_TARGET = 18.1;
				MARKETING_VERSION = 1.0;
				PRODUCT_BUNDLE_IDENTIFIER = BP.Tasked;
				PRODUCT_NAME = "$(TARGET_NAME)";
				SWIFT_EMIT_LOC_STRINGS = NO;
				SWIFT_VERSION = 5.0;
				TARGETED_DEVICE_FAMILY = "1,2";
				TEST_HOST = "$(BUILT_PRODUCTS_DIR)/InstagramTutorial.app/$(BUNDLE_EXECUTABLE_FOLDER_PATH)/InstagramTutorial";
			};
			name = Debug;
		};
		3BB74ABF2D6729E9004E4AD6 /* Release */ = {
			isa = XCBuildConfiguration;
			buildSettings = {
				BUNDLE_LOADER = "$(TEST_HOST)";
				CODE_SIGN_STYLE = Automatic;
				CURRENT_PROJECT_VERSION = 1;
				GENERATE_INFOPLIST_FILE = YES;
				IPHONEOS_DEPLOYMENT_TARGET = 18.1;
				MARKETING_VERSION = 1.0;
				PRODUCT_BUNDLE_IDENTIFIER = BP.Tasked;
				PRODUCT_NAME = "$(TARGET_NAME)";
				SWIFT_EMIT_LOC_STRINGS = NO;
				SWIFT_VERSION = 5.0;
				TARGETED_DEVICE_FAMILY = "1,2";
				TEST_HOST = "$(BUILT_PRODUCTS_DIR)/InstagramTutorial.app/$(BUNDLE_EXECUTABLE_FOLDER_PATH)/InstagramTutorial";
			};
			name = Release;
		};
		3BB74AC12D6729E9004E4AD6 /* Debug */ = {
			isa = XCBuildConfiguration;
			buildSettings = {
				CODE_SIGN_STYLE = Automatic;
				CURRENT_PROJECT_VERSION = 1;
				GENERATE_INFOPLIST_FILE = YES;
				MARKETING_VERSION = 1.0;
				PRODUCT_BUNDLE_IDENTIFIER = BP.Tasked;
				PRODUCT_NAME = "$(TARGET_NAME)";
				SWIFT_EMIT_LOC_STRINGS = NO;
				SWIFT_VERSION = 5.0;
				TARGETED_DEVICE_FAMILY = "1,2";
				TEST_TARGET_NAME = InstagramTutorial;
			};
			name = Debug;
		};
		3BB74AC22D6729E9004E4AD6 /* Release */ = {
			isa = XCBuildConfiguration;
			buildSettings = {
				CODE_SIGN_STYLE = Automatic;
				CURRENT_PROJECT_VERSION = 1;
				GENERATE_INFOPLIST_FILE = YES;
				MARKETING_VERSION = 1.0;
				PRODUCT_BUNDLE_IDENTIFIER = BP.Tasked;
				PRODUCT_NAME = "$(TARGET_NAME)";
				SWIFT_EMIT_LOC_STRINGS = NO;
				SWIFT_VERSION = 5.0;
				TARGETED_DEVICE_FAMILY = "1,2";
				TEST_TARGET_NAME = InstagramTutorial;
			};
			name = Release;
		};
/* End XCBuildConfiguration section */

/* Begin XCConfigurationList section */
		3BB74A912D6729E6004E4AD6 /* Build configuration list for PBXProject "Tasked" */ = {
			isa = XCConfigurationList;
			buildConfigurations = (
				3BB74AB82D6729E9004E4AD6 /* Debug */,
				3BB74AB92D6729E9004E4AD6 /* Release */,
			);
			defaultConfigurationIsVisible = 0;
			defaultConfigurationName = Release;
		};
		3BB74ABA2D6729E9004E4AD6 /* Build configuration list for PBXNativeTarget "Tasked" */ = {
			isa = XCConfigurationList;
			buildConfigurations = (
				3BB74ABB2D6729E9004E4AD6 /* Debug */,
				3BB74ABC2D6729E9004E4AD6 /* Release */,
			);
			defaultConfigurationIsVisible = 0;
			defaultConfigurationName = Release;
		};
		3BB74ABD2D6729E9004E4AD6 /* Build configuration list for PBXNativeTarget "InstagramTutorialTests" */ = {
			isa = XCConfigurationList;
			buildConfigurations = (
				3BB74ABE2D6729E9004E4AD6 /* Debug */,
				3BB74ABF2D6729E9004E4AD6 /* Release */,
			);
			defaultConfigurationIsVisible = 0;
			defaultConfigurationName = Release;
		};
		3BB74AC02D6729E9004E4AD6 /* Build configuration list for PBXNativeTarget "InstagramTutorialUITests" */ = {
			isa = XCConfigurationList;
			buildConfigurations = (
				3BB74AC12D6729E9004E4AD6 /* Debug */,
				3BB74AC22D6729E9004E4AD6 /* Release */,
			);
			defaultConfigurationIsVisible = 0;
			defaultConfigurationName = Release;
		};
/* End XCConfigurationList section */

/* Begin XCRemoteSwiftPackageReference section */
		3B3FB8742E36FEED00490826 /* XCRemoteSwiftPackageReference "Kingfisher" */ = {
			isa = XCRemoteSwiftPackageReference;
			repositoryURL = "https://github.com/onevcat/Kingfisher.git";
			requirement = {
				kind = upToNextMajorVersion;
				minimumVersion = 8.5.0;
			};
		};
		3BDD47D52D954A910011BA1B /* XCRemoteSwiftPackageReference "firebase-ios-sdk" */ = {
			isa = XCRemoteSwiftPackageReference;
			repositoryURL = "https://github.com/firebase/firebase-ios-sdk.git";
			requirement = {
				kind = upToNextMajorVersion;
				minimumVersion = 11.10.0;
			};
		};
/* End XCRemoteSwiftPackageReference section */

/* Begin XCSwiftPackageProductDependency section */
		3BBCA79B2E4037FA0008324A /* Kingfisher */ = {
			isa = XCSwiftPackageProductDependency;
			package = 3B3FB8742E36FEED00490826 /* XCRemoteSwiftPackageReference "Kingfisher" */;
			productName = Kingfisher;
		};
		3BDD47D62D954A910011BA1B /* FirebaseAuth */ = {
			isa = XCSwiftPackageProductDependency;
			package = 3BDD47D52D954A910011BA1B /* XCRemoteSwiftPackageReference "firebase-ios-sdk" */;
			productName = FirebaseAuth;
		};
		3BDD47D82D954A910011BA1B /* FirebaseFirestore */ = {
			isa = XCSwiftPackageProductDependency;
			package = 3BDD47D52D954A910011BA1B /* XCRemoteSwiftPackageReference "firebase-ios-sdk" */;
			productName = FirebaseFirestore;
		};
		3BDD47DA2D954A910011BA1B /* FirebaseStorage */ = {
			isa = XCSwiftPackageProductDependency;
			package = 3BDD47D52D954A910011BA1B /* XCRemoteSwiftPackageReference "firebase-ios-sdk" */;
			productName = FirebaseStorage;
		};
/* End XCSwiftPackageProductDependency section */
	};
	rootObject = 3BB74A8E2D6729E6004E4AD6 /* Project object */;
}
